
Microsoft Visual Studio Solution File, Format Version 12.00
# Visual Studio Version 17
VisualStudioVersion = 17.2.32630.192
MinimumVisualStudioVersion = 10.0.40219.1
Project("{FAE04EC0-301F-11D3-BF4B-00C04F79EFBC}") = "WinFormsApp1", "WinFormsApp1\WinFormsApp1.csproj", "{243C9DD5-0E95-424F-9F5C-0A00220B469E}"
EndProject
Global
	GlobalSection(SolutionConfigurationPlatforms) = preSolution
		Debug|Any CPU = Debug|Any CPU
		Release|Any CPU = Release|Any CPU
	EndGlobalSection
	GlobalSection(ProjectConfigurationPlatforms) = postSolution
		{243C9DD5-0E95-424F-9F5C-0A00220B469E}.Debug|Any CPU.ActiveCfg = Debug|Any CPU
		{243C9DD5-0E95-424F-9F5C-0A00220B469E}.Debug|Any CPU.Build.0 = Debug|Any CPU
		{243C9DD5-0E95-424F-9F5C-0A00220B469E}.Release|Any CPU.ActiveCfg = Release|Any CPU
		{243C9DD5-0E95-424F-9F5C-0A00220B469E}.Release|Any CPU.Build.0 = Release|Any CPU
	EndGlobalSection
	GlobalSection(SolutionProperties) = preSolution
		HideSolutionNode = FALSE
	EndGlobalSection
	GlobalSection(ExtensibilityGlobals) = postSolution
		SolutionGuid = {AF643F09-50D7-4066-828D-01394324FBA8}
	EndGlobalSection
EndGlobal
