
Microsoft Visual Studio Solution File, Format Version 12.00
# Visual Studio Version 17
VisualStudioVersion = 17.2.32630.192
MinimumVisualStudioVersion = 10.0.40219.1
Project("{FAE04EC0-301F-11D3-BF4B-00C04F79EFBC}") = "specflow_2", "specflow_2\specflow_2.csproj", "{691C8817-B0A2-4803-9B5E-302B19D6A70B}"
EndProject
Global
	GlobalSection(SolutionConfigurationPlatforms) = preSolution
		Debug|Any CPU = Debug|Any CPU
		Release|Any CPU = Release|Any CPU
	EndGlobalSection
	GlobalSection(ProjectConfigurationPlatforms) = postSolution
		{691C8817-B0A2-4803-9B5E-302B19D6A70B}.Debug|Any CPU.ActiveCfg = Debug|Any CPU
		{691C8817-B0A2-4803-9B5E-302B19D6A70B}.Debug|Any CPU.Build.0 = Debug|Any CPU
		{691C8817-B0A2-4803-9B5E-302B19D6A70B}.Release|Any CPU.ActiveCfg = Release|Any CPU
		{691C8817-B0A2-4803-9B5E-302B19D6A70B}.Release|Any CPU.Build.0 = Release|Any CPU
	EndGlobalSection
	GlobalSection(SolutionProperties) = preSolution
		HideSolutionNode = FALSE
	EndGlobalSection
	GlobalSection(ExtensibilityGlobals) = postSolution
		SolutionGuid = {4F8A9EDA-B8C5-4500-93DA-53CDBA1900AF}
	EndGlobalSection
EndGlobal
