
Microsoft Visual Studio Solution File, Format Version 12.00
# Visual Studio Version 17
VisualStudioVersion = 17.2.32630.192
MinimumVisualStudioVersion = 10.0.40219.1
Project("{FAE04EC0-301F-11D3-BF4B-00C04F79EFBC}") = "nunit_and_selenium_testing", "nunit_and_selenium_testing\nunit_and_selenium_testing.csproj", "{FFF5C094-054B-4E7A-B32B-CCE2BD536F87}"
EndProject
Global
	GlobalSection(SolutionConfigurationPlatforms) = preSolution
		Debug|Any CPU = Debug|Any CPU
		Release|Any CPU = Release|Any CPU
	EndGlobalSection
	GlobalSection(ProjectConfigurationPlatforms) = postSolution
		{FFF5C094-054B-4E7A-B32B-CCE2BD536F87}.Debug|Any CPU.ActiveCfg = Debug|Any CPU
		{FFF5C094-054B-4E7A-B32B-CCE2BD536F87}.Debug|Any CPU.Build.0 = Debug|Any CPU
		{FFF5C094-054B-4E7A-B32B-CCE2BD536F87}.Release|Any CPU.ActiveCfg = Release|Any CPU
		{FFF5C094-054B-4E7A-B32B-CCE2BD536F87}.Release|Any CPU.Build.0 = Release|Any CPU
	EndGlobalSection
	GlobalSection(SolutionProperties) = preSolution
		HideSolutionNode = FALSE
	EndGlobalSection
	GlobalSection(ExtensibilityGlobals) = postSolution
		SolutionGuid = {6E333298-AB08-4B0A-A616-513129F9EE23}
	EndGlobalSection
EndGlobal
