
Microsoft Visual Studio Solution File, Format Version 12.00
# Visual Studio Version 17
VisualStudioVersion = 17.2.32630.192
MinimumVisualStudioVersion = 10.0.40219.1
Project("{FAE04EC0-301F-11D3-BF4B-00C04F79EFBC}") = "nunit_small_buisness_class_library", "nunit_small_buisness_class_library\nunit_small_buisness_class_library.csproj", "{71C562BF-5828-4CC8-95D3-6E171FD1232F}"
EndProject
Project("{FAE04EC0-301F-11D3-BF4B-00C04F79EFBC}") = "nunit_small_buisness_testing1", "nunit_small_buisness_testing1\nunit_small_buisness_testing1.csproj", "{A14D5197-69B9-492E-B6D6-30ABA0A42FCA}"
EndProject
Global
	GlobalSection(SolutionConfigurationPlatforms) = preSolution
		Debug|Any CPU = Debug|Any CPU
		Release|Any CPU = Release|Any CPU
	EndGlobalSection
	GlobalSection(ProjectConfigurationPlatforms) = postSolution
		{71C562BF-5828-4CC8-95D3-6E171FD1232F}.Debug|Any CPU.ActiveCfg = Debug|Any CPU
		{71C562BF-5828-4CC8-95D3-6E171FD1232F}.Debug|Any CPU.Build.0 = Debug|Any CPU
		{71C562BF-5828-4CC8-95D3-6E171FD1232F}.Release|Any CPU.ActiveCfg = Release|Any CPU
		{71C562BF-5828-4CC8-95D3-6E171FD1232F}.Release|Any CPU.Build.0 = Release|Any CPU
		{A14D5197-69B9-492E-B6D6-30ABA0A42FCA}.Debug|Any CPU.ActiveCfg = Debug|Any CPU
		{A14D5197-69B9-492E-B6D6-30ABA0A42FCA}.Debug|Any CPU.Build.0 = Debug|Any CPU
		{A14D5197-69B9-492E-B6D6-30ABA0A42FCA}.Release|Any CPU.ActiveCfg = Release|Any CPU
		{A14D5197-69B9-492E-B6D6-30ABA0A42FCA}.Release|Any CPU.Build.0 = Release|Any CPU
	EndGlobalSection
	GlobalSection(SolutionProperties) = preSolution
		HideSolutionNode = FALSE
	EndGlobalSection
	GlobalSection(ExtensibilityGlobals) = postSolution
		SolutionGuid = {3EAA5DF1-3F3C-421C-99B2-F23152A84960}
	EndGlobalSection
EndGlobal
